
Microsoft Visual Studio Solution File, Format Version 12.00
# Visual Studio 15
VisualStudioVersion = 15.0.28307.1062
MinimumVisualStudioVersion = 10.0.40219.1
Project("{FAE04EC0-301F-11D3-BF4B-00C04F79EFBC}") = "RefrainSaveEditor", "RefrainSaveEditor\RefrainSaveEditor.csproj", "{58D52111-1111-43D3-9E57-AA3DDE85CA88}"
EndProject
Project("{FAE04EC0-301F-11D3-BF4B-00C04F79EFBC}") = "RefrainCTE", "RefrainCTE\RefrainCTE.csproj", "{157DDD40-2373-49E5-B968-E307213B941C}"
EndProject
Global
	GlobalSection(SolutionConfigurationPlatforms) = preSolution
		Debug|Any CPU = Debug|Any CPU
		Debug|x64 = Debug|x64
		Debug|x86 = Debug|x86
		Release|Any CPU = Release|Any CPU
		Release|x64 = Release|x64
		Release|x86 = Release|x86
	EndGlobalSection
	GlobalSection(ProjectConfigurationPlatforms) = postSolution
		{58D52111-1111-43D3-9E57-AA3DDE85CA88}.Debug|Any CPU.ActiveCfg = Debug|Any CPU
		{58D52111-1111-43D3-9E57-AA3DDE85CA88}.Debug|Any CPU.Build.0 = Debug|Any CPU
		{58D52111-1111-43D3-9E57-AA3DDE85CA88}.Debug|x64.ActiveCfg = Debug|x64
		{58D52111-1111-43D3-9E57-AA3DDE85CA88}.Debug|x64.Build.0 = Debug|x64
		{58D52111-1111-43D3-9E57-AA3DDE85CA88}.Debug|x86.ActiveCfg = Debug|x86
		{58D52111-1111-43D3-9E57-AA3DDE85CA88}.Debug|x86.Build.0 = Debug|x86
		{58D52111-1111-43D3-9E57-AA3DDE85CA88}.Release|Any CPU.ActiveCfg = Release|Any CPU
		{58D52111-1111-43D3-9E57-AA3DDE85CA88}.Release|Any CPU.Build.0 = Release|Any CPU
		{58D52111-1111-43D3-9E57-AA3DDE85CA88}.Release|x64.ActiveCfg = Release|x64
		{58D52111-1111-43D3-9E57-AA3DDE85CA88}.Release|x64.Build.0 = Release|x64
		{58D52111-1111-43D3-9E57-AA3DDE85CA88}.Release|x86.ActiveCfg = Release|x86
		{58D52111-1111-43D3-9E57-AA3DDE85CA88}.Release|x86.Build.0 = Release|x86
		{157DDD40-2373-49E5-B968-E307213B941C}.Debug|Any CPU.ActiveCfg = Debug|Any CPU
		{157DDD40-2373-49E5-B968-E307213B941C}.Debug|Any CPU.Build.0 = Debug|Any CPU
		{157DDD40-2373-49E5-B968-E307213B941C}.Debug|x64.ActiveCfg = Debug|Any CPU
		{157DDD40-2373-49E5-B968-E307213B941C}.Debug|x64.Build.0 = Debug|Any CPU
		{157DDD40-2373-49E5-B968-E307213B941C}.Debug|x86.ActiveCfg = Debug|Any CPU
		{157DDD40-2373-49E5-B968-E307213B941C}.Debug|x86.Build.0 = Debug|Any CPU
		{157DDD40-2373-49E5-B968-E307213B941C}.Release|Any CPU.ActiveCfg = Release|Any CPU
		{157DDD40-2373-49E5-B968-E307213B941C}.Release|Any CPU.Build.0 = Release|Any CPU
		{157DDD40-2373-49E5-B968-E307213B941C}.Release|x64.ActiveCfg = Release|Any CPU
		{157DDD40-2373-49E5-B968-E307213B941C}.Release|x64.Build.0 = Release|Any CPU
		{157DDD40-2373-49E5-B968-E307213B941C}.Release|x86.ActiveCfg = Release|Any CPU
		{157DDD40-2373-49E5-B968-E307213B941C}.Release|x86.Build.0 = Release|Any CPU
	EndGlobalSection
	GlobalSection(SolutionProperties) = preSolution
		HideSolutionNode = FALSE
	EndGlobalSection
	GlobalSection(ExtensibilityGlobals) = postSolution
		SolutionGuid = {509006F2-9D60-4A90-9570-548AD640DF97}
	EndGlobalSection
EndGlobal
